// !$*UTF8*$!
{
	archiveVersion = 1;
	classes = {
	};
	objectVersion = 50;
	objects = {

/* Begin PBXBuildFile section */
		CF7B5AB72691C28E00B63D6B /* AppDelegate.swift in Sources */ = {isa = PBXBuildFile; fileRef = CF7B5AB62691C28E00B63D6B /* AppDelegate.swift */; };
		CF7B5AB92691C28E00B63D6B /* SceneDelegate.swift in Sources */ = {isa = PBXBuildFile; fileRef = CF7B5AB82691C28E00B63D6B /* SceneDelegate.swift */; };
		CF7B5ABE2691C28E00B63D6B /* Main.storyboard in Resources */ = {isa = PBXBuildFile; fileRef = CF7B5ABC2691C28E00B63D6B /* Main.storyboard */; };
		CF7B5AC02691C29100B63D6B /* Assets.xcassets in Resources */ = {isa = PBXBuildFile; fileRef = CF7B5ABF2691C29100B63D6B /* Assets.xcassets */; };
		CF7B5AC32691C29100B63D6B /* LaunchScreen.storyboard in Resources */ = {isa = PBXBuildFile; fileRef = CF7B5AC12691C29100B63D6B /* LaunchScreen.storyboard */; };
		CF7B5AD22691D90B00B63D6B /* LoginViewController.swift in Sources */ = {isa = PBXBuildFile; fileRef = CF7B5AD12691D90B00B63D6B /* LoginViewController.swift */; };
/* End PBXBuildFile section */

/* Begin PBXFileReference section */
		CF7B5AB32691C28E00B63D6B /* VKontakte.app */ = {isa = PBXFileReference; explicitFileType = wrapper.application; includeInIndex = 0; path = VKontakte.app; sourceTree = BUILT_PRODUCTS_DIR; };
		CF7B5AB62691C28E00B63D6B /* AppDelegate.swift */ = {isa = PBXFileReference; lastKnownFileType = sourcecode.swift; path = AppDelegate.swift; sourceTree = "<group>"; };
		CF7B5AB82691C28E00B63D6B /* SceneDelegate.swift */ = {isa = PBXFileReference; lastKnownFileType = sourcecode.swift; path = SceneDelegate.swift; sourceTree = "<group>"; };
		CF7B5ABD2691C28E00B63D6B /* Base */ = {isa = PBXFileReference; lastKnownFileType = file.storyboard; name = Base; path = Base.lproj/Main.storyboard; sourceTree = "<group>"; };
		CF7B5ABF2691C29100B63D6B /* Assets.xcassets */ = {isa = PBXFileReference; lastKnownFileType = folder.assetcatalog; path = Assets.xcassets; sourceTree = "<group>"; };
		CF7B5AC22691C29100B63D6B /* Base */ = {isa = PBXFileReference; lastKnownFileType = file.storyboard; name = Base; path = Base.lproj/LaunchScreen.storyboard; sourceTree = "<group>"; };
		CF7B5AC42691C29100B63D6B /* Info.plist */ = {isa = PBXFileReference; lastKnownFileType = text.plist.xml; path = Info.plist; sourceTree = "<group>"; };
		CF7B5AD12691D90B00B63D6B /* LoginViewController.swift */ = {isa = PBXFileReference; lastKnownFileType = sourcecode.swift; path = LoginViewController.swift; sourceTree = "<group>"; };
/* End PBXFileReference section */

/* Begin PBXFrameworksBuildPhase section */
		CF7B5AB02691C28E00B63D6B /* Frameworks */ = {
			isa = PBXFrameworksBuildPhase;
			buildActionMask = 2147483647;
			files = (
			);
			runOnlyForDeploymentPostprocessing = 0;
		};
/* End PBXFrameworksBuildPhase section */

/* Begin PBXGroup section */
		CF7B5AAA2691C28E00B63D6B = {
			isa = PBXGroup;
			children = (
				CF7B5AB52691C28E00B63D6B /* VKontakte */,
				CF7B5AB42691C28E00B63D6B /* Products */,
			);
			sourceTree = "<group>";
		};
		CF7B5AB42691C28E00B63D6B /* Products */ = {
			isa = PBXGroup;
			children = (
				CF7B5AB32691C28E00B63D6B /* VKontakte.app */,
			);
			name = Products;
			sourceTree = "<group>";
		};
		CF7B5AB52691C28E00B63D6B /* VKontakte */ = {
			isa = PBXGroup;
			children = (
				CF7B5ACA2691D18500B63D6B /* AppDelegate */,
				CF7B5ABC2691C28E00B63D6B /* Main.storyboard */,
				CF7B5ACF2691D77800B63D6B /* Presentation */,
				CF7B5ACB2691D21A00B63D6B /* Resourses */,
				CF7B5ACD2691D34A00B63D6B /* Configuration */,
			);
			path = VKontakte;
			sourceTree = "<group>";
		};
		CF7B5ACA2691D18500B63D6B /* AppDelegate */ = {
			isa = PBXGroup;
			children = (
				CF7B5AB62691C28E00B63D6B /* AppDelegate.swift */,
				CF7B5AB82691C28E00B63D6B /* SceneDelegate.swift */,
			);
			path = AppDelegate;
			sourceTree = "<group>";
		};
		CF7B5ACB2691D21A00B63D6B /* Resourses */ = {
			isa = PBXGroup;
			children = (
				CF7B5AC12691C29100B63D6B /* LaunchScreen.storyboard */,
				CF7B5ABF2691C29100B63D6B /* Assets.xcassets */,
			);
			path = Resourses;
			sourceTree = "<group>";
		};
		CF7B5ACD2691D34A00B63D6B /* Configuration */ = {
			isa = PBXGroup;
			children = (
				CF7B5AC42691C29100B63D6B /* Info.plist */,
			);
			path = Configuration;
			sourceTree = "<group>";
		};
		CF7B5ACF2691D77800B63D6B /* Presentation */ = {
			isa = PBXGroup;
			children = (
				CF7B5AD02691D83300B63D6B /* Login */,
			);
			path = Presentation;
			sourceTree = "<group>";
		};
		CF7B5AD02691D83300B63D6B /* Login */ = {
			isa = PBXGroup;
			children = (
				CF7B5AD12691D90B00B63D6B /* LoginViewController.swift */,
			);
			path = Login;
			sourceTree = "<group>";
		};
/* End PBXGroup section */

/* Begin PBXNativeTarget section */
		CF7B5AB22691C28E00B63D6B /* VKontakte */ = {
			isa = PBXNativeTarget;
			buildConfigurationList = CF7B5AC72691C29100B63D6B /* Build configuration list for PBXNativeTarget "VKontakte" */;
			buildPhases = (
				CF7B5AAF2691C28E00B63D6B /* Sources */,
				CF7B5AB02691C28E00B63D6B /* Frameworks */,
				CF7B5AB12691C28E00B63D6B /* Resources */,
			);
			buildRules = (
			);
			dependencies = (
			);
			name = VKontakte;
			productName = VKontakte;
			productReference = CF7B5AB32691C28E00B63D6B /* VKontakte.app */;
			productType = "com.apple.product-type.application";
		};
/* End PBXNativeTarget section */

/* Begin PBXProject section */
		CF7B5AAB2691C28E00B63D6B /* Project object */ = {
			isa = PBXProject;
			attributes = {
				LastSwiftUpdateCheck = 1250;
				LastUpgradeCheck = 1250;
				TargetAttributes = {
					CF7B5AB22691C28E00B63D6B = {
						CreatedOnToolsVersion = 12.5;
					};
				};
			};
			buildConfigurationList = CF7B5AAE2691C28E00B63D6B /* Build configuration list for PBXProject "VKontakte" */;
			compatibilityVersion = "Xcode 9.3";
			developmentRegion = en;
			hasScannedForEncodings = 0;
			knownRegions = (
				en,
				Base,
			);
			mainGroup = CF7B5AAA2691C28E00B63D6B;
			productRefGroup = CF7B5AB42691C28E00B63D6B /* Products */;
			projectDirPath = "";
			projectRoot = "";
			targets = (
				CF7B5AB22691C28E00B63D6B /* VKontakte */,
			);
		};
/* End PBXProject section */

/* Begin PBXResourcesBuildPhase section */
		CF7B5AB12691C28E00B63D6B /* Resources */ = {
			isa = PBXResourcesBuildPhase;
			buildActionMask = 2147483647;
			files = (
				CF7B5AC32691C29100B63D6B /* LaunchScreen.storyboard in Resources */,
				CF7B5AC02691C29100B63D6B /* Assets.xcassets in Resources */,
				CF7B5ABE2691C28E00B63D6B /* Main.storyboard in Resources */,
			);
			runOnlyForDeploymentPostprocessing = 0;
		};
/* End PBXResourcesBuildPhase section */

/* Begin PBXSourcesBuildPhase section */
		CF7B5AAF2691C28E00B63D6B /* Sources */ = {
			isa = PBXSourcesBuildPhase;
			buildActionMask = 2147483647;
			files = (
				CF7B5AD22691D90B00B63D6B /* LoginViewController.swift in Sources */,
				CF7B5AB72691C28E00B63D6B /* AppDelegate.swift in Sources */,
				CF7B5AB92691C28E00B63D6B /* SceneDelegate.swift in Sources */,
			);
			runOnlyForDeploymentPostprocessing = 0;
		};
/* End PBXSourcesBuildPhase section */

/* Begin PBXVariantGroup section */
		CF7B5ABC2691C28E00B63D6B /* Main.storyboard */ = {
			isa = PBXVariantGroup;
			children = (
				CF7B5ABD2691C28E00B63D6B /* Base */,
			);
			name = Main.storyboard;
			sourceTree = "<group>";
		};
		CF7B5AC12691C29100B63D6B /* LaunchScreen.storyboard */ = {
			isa = PBXVariantGroup;
			children = (
				CF7B5AC22691C29100B63D6B /* Base */,
			);
			name = LaunchScreen.storyboard;
			sourceTree = "<group>";
		};
/* End PBXVariantGroup section */

/* Begin XCBuildConfiguration section */
		CF7B5AC52691C29100B63D6B /* Debug */ = {
			isa = XCBuildConfiguration;
			buildSettings = {
				ALWAYS_SEARCH_USER_PATHS = NO;
				CLANG_ANALYZER_NONNULL = YES;
				CLANG_ANALYZER_NUMBER_OBJECT_CONVERSION = YES_AGGRESSIVE;
				CLANG_CXX_LANGUAGE_STANDARD = "gnu++14";
				CLANG_CXX_LIBRARY = "libc++";
				CLANG_ENABLE_MODULES = YES;
				CLANG_ENABLE_OBJC_ARC = YES;
				CLANG_ENABLE_OBJC_WEAK = YES;
				CLANG_WARN_BLOCK_CAPTURE_AUTORELEASING = YES;
				CLANG_WARN_BOOL_CONVERSION = YES;
				CLANG_WARN_COMMA = YES;
				CLANG_WARN_CONSTANT_CONVERSION = YES;
				CLANG_WARN_DEPRECATED_OBJC_IMPLEMENTATIONS = YES;
				CLANG_WARN_DIRECT_OBJC_ISA_USAGE = YES_ERROR;
				CLANG_WARN_DOCUMENTATION_COMMENTS = YES;
				CLANG_WARN_EMPTY_BODY = YES;
				CLANG_WARN_ENUM_CONVERSION = YES;
				CLANG_WARN_INFINITE_RECURSION = YES;
				CLANG_WARN_INT_CONVERSION = YES;
				CLANG_WARN_NON_LITERAL_NULL_CONVERSION = YES;
				CLANG_WARN_OBJC_IMPLICIT_RETAIN_SELF = YES;
				CLANG_WARN_OBJC_LITERAL_CONVERSION = YES;
				CLANG_WARN_OBJC_ROOT_CLASS = YES_ERROR;
				CLANG_WARN_QUOTED_INCLUDE_IN_FRAMEWORK_HEADER = YES;
				CLANG_WARN_RANGE_LOOP_ANALYSIS = YES;
				CLANG_WARN_STRICT_PROTOTYPES = YES;
				CLANG_WARN_SUSPICIOUS_MOVE = YES;
				CLANG_WARN_UNGUARDED_AVAILABILITY = YES_AGGRESSIVE;
				CLANG_WARN_UNREACHABLE_CODE = YES;
				CLANG_WARN__DUPLICATE_METHOD_MATCH = YES;
				COPY_PHASE_STRIP = NO;
				DEBUG_INFORMATION_FORMAT = dwarf;
				ENABLE_STRICT_OBJC_MSGSEND = YES;
				ENABLE_TESTABILITY = YES;
				GCC_C_LANGUAGE_STANDARD = gnu11;
				GCC_DYNAMIC_NO_PIC = NO;
				GCC_NO_COMMON_BLOCKS = YES;
				GCC_OPTIMIZATION_LEVEL = 0;
				GCC_PREPROCESSOR_DEFINITIONS = (
					"DEBUG=1",
					"$(inherited)",
				);
				GCC_WARN_64_TO_32_BIT_CONVERSION = YES;
				GCC_WARN_ABOUT_RETURN_TYPE = YES_ERROR;
				GCC_WARN_UNDECLARED_SELECTOR = YES;
				GCC_WARN_UNINITIALIZED_AUTOS = YES_AGGRESSIVE;
				GCC_WARN_UNUSED_FUNCTION = YES;
				GCC_WARN_UNUSED_VARIABLE = YES;
				IPHONEOS_DEPLOYMENT_TARGET = 14.5;
				MTL_ENABLE_DEBUG_INFO = INCLUDE_SOURCE;
				MTL_FAST_MATH = YES;
				ONLY_ACTIVE_ARCH = YES;
				SDKROOT = iphoneos;
				SWIFT_ACTIVE_COMPILATION_CONDITIONS = DEBUG;
				SWIFT_OPTIMIZATION_LEVEL = "-Onone";
			};
			name = Debug;
		};
		CF7B5AC62691C29100B63D6B /* Release */ = {
			isa = XCBuildConfiguration;
			buildSettings = {
				ALWAYS_SEARCH_USER_PATHS = NO;
				CLANG_ANALYZER_NONNULL = YES;
				CLANG_ANALYZER_NUMBER_OBJECT_CONVERSION = YES_AGGRESSIVE;
				CLANG_CXX_LANGUAGE_STANDARD = "gnu++14";
				CLANG_CXX_LIBRARY = "libc++";
				CLANG_ENABLE_MODULES = YES;
				CLANG_ENABLE_OBJC_ARC = YES;
				CLANG_ENABLE_OBJC_WEAK = YES;
				CLANG_WARN_BLOCK_CAPTURE_AUTORELEASING = YES;
				CLANG_WARN_BOOL_CONVERSION = YES;
				CLANG_WARN_COMMA = YES;
				CLANG_WARN_CONSTANT_CONVERSION = YES;
				CLANG_WARN_DEPRECATED_OBJC_IMPLEMENTATIONS = YES;
				CLANG_WARN_DIRECT_OBJC_ISA_USAGE = YES_ERROR;
				CLANG_WARN_DOCUMENTATION_COMMENTS = YES;
				CLANG_WARN_EMPTY_BODY = YES;
				CLANG_WARN_ENUM_CONVERSION = YES;
				CLANG_WARN_INFINITE_RECURSION = YES;
				CLANG_WARN_INT_CONVERSION = YES;
				CLANG_WARN_NON_LITERAL_NULL_CONVERSION = YES;
				CLANG_WARN_OBJC_IMPLICIT_RETAIN_SELF = YES;
				CLANG_WARN_OBJC_LITERAL_CONVERSION = YES;
				CLANG_WARN_OBJC_ROOT_CLASS = YES_ERROR;
				CLANG_WARN_QUOTED_INCLUDE_IN_FRAMEWORK_HEADER = YES;
				CLANG_WARN_RANGE_LOOP_ANALYSIS = YES;
				CLANG_WARN_STRICT_PROTOTYPES = YES;
				CLANG_WARN_SUSPICIOUS_MOVE = YES;
				CLANG_WARN_UNGUARDED_AVAILABILITY = YES_AGGRESSIVE;
				CLANG_WARN_UNREACHABLE_CODE = YES;
				CLANG_WARN__DUPLICATE_METHOD_MATCH = YES;
				COPY_PHASE_STRIP = NO;
				DEBUG_INFORMATION_FORMAT = "dwarf-with-dsym";
				ENABLE_NS_ASSERTIONS = NO;
				ENABLE_STRICT_OBJC_MSGSEND = YES;
				GCC_C_LANGUAGE_STANDARD = gnu11;
				GCC_NO_COMMON_BLOCKS = YES;
				GCC_WARN_64_TO_32_BIT_CONVERSION = YES;
				GCC_WARN_ABOUT_RETURN_TYPE = YES_ERROR;
				GCC_WARN_UNDECLARED_SELECTOR = YES;
				GCC_WARN_UNINITIALIZED_AUTOS = YES_AGGRESSIVE;
				GCC_WARN_UNUSED_FUNCTION = YES;
				GCC_WARN_UNUSED_VARIABLE = YES;
				IPHONEOS_DEPLOYMENT_TARGET = 14.5;
				MTL_ENABLE_DEBUG_INFO = NO;
				MTL_FAST_MATH = YES;
				SDKROOT = iphoneos;
				SWIFT_COMPILATION_MODE = wholemodule;
				SWIFT_OPTIMIZATION_LEVEL = "-O";
				VALIDATE_PRODUCT = YES;
			};
			name = Release;
		};
		CF7B5AC82691C29100B63D6B /* Debug */ = {
			isa = XCBuildConfiguration;
			buildSettings = {
				ASSETCATALOG_COMPILER_APPICON_NAME = AppIcon;
				ASSETCATALOG_COMPILER_GLOBAL_ACCENT_COLOR_NAME = AccentColor;
				CODE_SIGN_STYLE = Automatic;
				DEVELOPMENT_TEAM = 8Q2M3J9J6V;
				INFOPLIST_FILE = VKontakte/Configuration/Info.plist;
				LD_RUNPATH_SEARCH_PATHS = (
					"$(inherited)",
					"@executable_path/Frameworks",
				);
				PRODUCT_BUNDLE_IDENTIFIER = com.OlgaChumakova.VKontakte;
				PRODUCT_NAME = "$(TARGET_NAME)";
				SWIFT_VERSION = 5.0;
				TARGETED_DEVICE_FAMILY = "1,2";
			};
			name = Debug;
		};
		CF7B5AC92691C29100B63D6B /* Release */ = {
			isa = XCBuildConfiguration;
			buildSettings = {
				ASSETCATALOG_COMPILER_APPICON_NAME = AppIcon;
				ASSETCATALOG_COMPILER_GLOBAL_ACCENT_COLOR_NAME = AccentColor;
				CODE_SIGN_STYLE = Automatic;
				DEVELOPMENT_TEAM = 8Q2M3J9J6V;
				INFOPLIST_FILE = VKontakte/Configuration/Info.plist;
				LD_RUNPATH_SEARCH_PATHS = (
					"$(inherited)",
					"@executable_path/Frameworks",
				);
				PRODUCT_BUNDLE_IDENTIFIER = com.OlgaChumakova.VKontakte;
				PRODUCT_NAME = "$(TARGET_NAME)";
				SWIFT_VERSION = 5.0;
				TARGETED_DEVICE_FAMILY = "1,2";
			};
			name = Release;
		};
/* End XCBuildConfiguration section */

/* Begin XCConfigurationList section */
		CF7B5AAE2691C28E00B63D6B /* Build configuration list for PBXProject "VKontakte" */ = {
			isa = XCConfigurationList;
			buildConfigurations = (
				CF7B5AC52691C29100B63D6B /* Debug */,
				CF7B5AC62691C29100B63D6B /* Release */,
			);
			defaultConfigurationIsVisible = 0;
			defaultConfigurationName = Release;
		};
		CF7B5AC72691C29100B63D6B /* Build configuration list for PBXNativeTarget "VKontakte" */ = {
			isa = XCConfigurationList;
			buildConfigurations = (
				CF7B5AC82691C29100B63D6B /* Debug */,
				CF7B5AC92691C29100B63D6B /* Release */,
			);
			defaultConfigurationIsVisible = 0;
			defaultConfigurationName = Release;
		};
/* End XCConfigurationList section */
	};
	rootObject = CF7B5AAB2691C28E00B63D6B /* Project object */;
}
